
Microsoft Visual Studio Solution File, Format Version 12.00
# Visual Studio Version 17
VisualStudioVersion = 17.14.36310.24
MinimumVisualStudioVersion = 10.0.40219.1
Project("{2150E333-8FDC-42A3-9474-1A3956D46DE8}") = "src", "src", "{02EA681E-C7D8-13C7-8484-4AC65E1B71E8}"
EndProject
Project("{2150E333-8FDC-42A3-9474-1A3956D46DE8}") = "test", "test", "{211B6DAC-6CB3-4BB5-B339-EFDA31D4E5C5}"
EndProject
Project("{2150E333-8FDC-42A3-9474-1A3956D46DE8}") = "Modules", "Modules", "{480B3E2D-D98F-432D-A9F4-4B6904593A2B}"
EndProject
Project("{2150E333-8FDC-42A3-9474-1A3956D46DE8}") = "Shared", "Shared", "{73C79C4C-D7AE-4952-AE08-E6DC5BBD2D4C}"
EndProject
Project("{2150E333-8FDC-42A3-9474-1A3956D46DE8}") = "Course", "Course", "{F7A5A6C5-6EE7-4A0F-AA1B-CBA34C2062BC}"
EndProject
Project("{2150E333-8FDC-42A3-9474-1A3956D46DE8}") = "User", "User", "{5BDC1C81-60FD-488A-9CF4-506A6836DBC6}"
EndProject
Project("{FAE04EC0-301F-11D3-BF4B-00C04F79EFBC}") = "IskoopDemo.Course.Appliacation", "IskoopDemo.Course.Appliacation\IskoopDemo.Course.Appliacation.csproj", "{9481464A-ECA5-4F87-9CEE-5F492C6E10D8}"
EndProject
Project("{FAE04EC0-301F-11D3-BF4B-00C04F79EFBC}") = "IskoopDemo.Course.Domain", "IskoopDemo.Course.Domain\IskoopDemo.Course.Domain.csproj", "{264B3A08-4337-4B00-8204-91C2021AC054}"
EndProject
Project("{FAE04EC0-301F-11D3-BF4B-00C04F79EFBC}") = "IskoopDemo.Course.Infrastructure", "IskoopDemo.Course.Infrastructure\IskoopDemo.Course.Infrastructure.csproj", "{DB76900C-5F31-47EB-8E37-D41EDACA4102}"
EndProject
Project("{FAE04EC0-301F-11D3-BF4B-00C04F79EFBC}") = "IskoopDemo.Course.API", "IskoopDemo.CourseçAPI\IskoopDemo.Course.API.csproj", "{A55132CE-60D1-4C4A-B087-AF8523D33630}"
EndProject
Project("{FAE04EC0-301F-11D3-BF4B-00C04F79EFBC}") = "IskoopDemo.User.Appliacation", "IskoopDemo.User.Appliacation\IskoopDemo.User.Appliacation.csproj", "{24D786B1-181A-4E08-96BC-277B7C0FC4F1}"
EndProject
Project("{FAE04EC0-301F-11D3-BF4B-00C04F79EFBC}") = "IskoopDemo.User.Domain", "IskoopDemo.User.Domain\IskoopDemo.User.Domain.csproj", "{E9C34E6B-2082-4232-B349-24E255C7DEEC}"
EndProject
Project("{FAE04EC0-301F-11D3-BF4B-00C04F79EFBC}") = "IskoopDemo.User.Infrastructure", "IskoopDemo.User.Infrastructure\IskoopDemo.User.Infrastructure.csproj", "{635CB384-8D92-4C0F-A52E-F54DE2DBDE0C}"
EndProject
Project("{FAE04EC0-301F-11D3-BF4B-00C04F79EFBC}") = "IskoopDemo.User.API", "IskoopDemo.User.API\IskoopDemo.User.API.csproj", "{8A93E833-534B-4E25-AA3F-E119ED908DD4}"
EndProject
Project("{FAE04EC0-301F-11D3-BF4B-00C04F79EFBC}") = "IskoopDemo.Shared", "IskoopDemo.Shared\IskoopDemo.Shared.csproj", "{B243F85A-711A-4B56-B30E-43F4AF57BEBB}"
EndProject
Global
	GlobalSection(SolutionConfigurationPlatforms) = preSolution
		Debug|Any CPU = Debug|Any CPU
		Release|Any CPU = Release|Any CPU
	EndGlobalSection
	GlobalSection(ProjectConfigurationPlatforms) = postSolution
		{9481464A-ECA5-4F87-9CEE-5F492C6E10D8}.Debug|Any CPU.ActiveCfg = Debug|Any CPU
		{9481464A-ECA5-4F87-9CEE-5F492C6E10D8}.Debug|Any CPU.Build.0 = Debug|Any CPU
		{9481464A-ECA5-4F87-9CEE-5F492C6E10D8}.Release|Any CPU.ActiveCfg = Release|Any CPU
		{9481464A-ECA5-4F87-9CEE-5F492C6E10D8}.Release|Any CPU.Build.0 = Release|Any CPU
		{264B3A08-4337-4B00-8204-91C2021AC054}.Debug|Any CPU.ActiveCfg = Debug|Any CPU
		{264B3A08-4337-4B00-8204-91C2021AC054}.Debug|Any CPU.Build.0 = Debug|Any CPU
		{264B3A08-4337-4B00-8204-91C2021AC054}.Release|Any CPU.ActiveCfg = Release|Any CPU
		{264B3A08-4337-4B00-8204-91C2021AC054}.Release|Any CPU.Build.0 = Release|Any CPU
		{DB76900C-5F31-47EB-8E37-D41EDACA4102}.Debug|Any CPU.ActiveCfg = Debug|Any CPU
		{DB76900C-5F31-47EB-8E37-D41EDACA4102}.Debug|Any CPU.Build.0 = Debug|Any CPU
		{DB76900C-5F31-47EB-8E37-D41EDACA4102}.Release|Any CPU.ActiveCfg = Release|Any CPU
		{DB76900C-5F31-47EB-8E37-D41EDACA4102}.Release|Any CPU.Build.0 = Release|Any CPU
		{A55132CE-60D1-4C4A-B087-AF8523D33630}.Debug|Any CPU.ActiveCfg = Debug|Any CPU
		{A55132CE-60D1-4C4A-B087-AF8523D33630}.Debug|Any CPU.Build.0 = Debug|Any CPU
		{A55132CE-60D1-4C4A-B087-AF8523D33630}.Release|Any CPU.ActiveCfg = Release|Any CPU
		{A55132CE-60D1-4C4A-B087-AF8523D33630}.Release|Any CPU.Build.0 = Release|Any CPU
		{24D786B1-181A-4E08-96BC-277B7C0FC4F1}.Debug|Any CPU.ActiveCfg = Debug|Any CPU
		{24D786B1-181A-4E08-96BC-277B7C0FC4F1}.Debug|Any CPU.Build.0 = Debug|Any CPU
		{24D786B1-181A-4E08-96BC-277B7C0FC4F1}.Release|Any CPU.ActiveCfg = Release|Any CPU
		{24D786B1-181A-4E08-96BC-277B7C0FC4F1}.Release|Any CPU.Build.0 = Release|Any CPU
		{E9C34E6B-2082-4232-B349-24E255C7DEEC}.Debug|Any CPU.ActiveCfg = Debug|Any CPU
		{E9C34E6B-2082-4232-B349-24E255C7DEEC}.Debug|Any CPU.Build.0 = Debug|Any CPU
		{E9C34E6B-2082-4232-B349-24E255C7DEEC}.Release|Any CPU.ActiveCfg = Release|Any CPU
		{E9C34E6B-2082-4232-B349-24E255C7DEEC}.Release|Any CPU.Build.0 = Release|Any CPU
		{635CB384-8D92-4C0F-A52E-F54DE2DBDE0C}.Debug|Any CPU.ActiveCfg = Debug|Any CPU
		{635CB384-8D92-4C0F-A52E-F54DE2DBDE0C}.Debug|Any CPU.Build.0 = Debug|Any CPU
		{635CB384-8D92-4C0F-A52E-F54DE2DBDE0C}.Release|Any CPU.ActiveCfg = Release|Any CPU
		{635CB384-8D92-4C0F-A52E-F54DE2DBDE0C}.Release|Any CPU.Build.0 = Release|Any CPU
		{8A93E833-534B-4E25-AA3F-E119ED908DD4}.Debug|Any CPU.ActiveCfg = Debug|Any CPU
		{8A93E833-534B-4E25-AA3F-E119ED908DD4}.Debug|Any CPU.Build.0 = Debug|Any CPU
		{8A93E833-534B-4E25-AA3F-E119ED908DD4}.Release|Any CPU.ActiveCfg = Release|Any CPU
		{8A93E833-534B-4E25-AA3F-E119ED908DD4}.Release|Any CPU.Build.0 = Release|Any CPU
		{B243F85A-711A-4B56-B30E-43F4AF57BEBB}.Debug|Any CPU.ActiveCfg = Debug|Any CPU
		{B243F85A-711A-4B56-B30E-43F4AF57BEBB}.Debug|Any CPU.Build.0 = Debug|Any CPU
		{B243F85A-711A-4B56-B30E-43F4AF57BEBB}.Release|Any CPU.ActiveCfg = Release|Any CPU
		{B243F85A-711A-4B56-B30E-43F4AF57BEBB}.Release|Any CPU.Build.0 = Release|Any CPU
	EndGlobalSection
	GlobalSection(SolutionProperties) = preSolution
		HideSolutionNode = FALSE
	EndGlobalSection
	GlobalSection(NestedProjects) = preSolution
		{480B3E2D-D98F-432D-A9F4-4B6904593A2B} = {02EA681E-C7D8-13C7-8484-4AC65E1B71E8}
		{73C79C4C-D7AE-4952-AE08-E6DC5BBD2D4C} = {02EA681E-C7D8-13C7-8484-4AC65E1B71E8}
		{F7A5A6C5-6EE7-4A0F-AA1B-CBA34C2062BC} = {480B3E2D-D98F-432D-A9F4-4B6904593A2B}
		{5BDC1C81-60FD-488A-9CF4-506A6836DBC6} = {480B3E2D-D98F-432D-A9F4-4B6904593A2B}
		{9481464A-ECA5-4F87-9CEE-5F492C6E10D8} = {F7A5A6C5-6EE7-4A0F-AA1B-CBA34C2062BC}
		{264B3A08-4337-4B00-8204-91C2021AC054} = {F7A5A6C5-6EE7-4A0F-AA1B-CBA34C2062BC}
		{DB76900C-5F31-47EB-8E37-D41EDACA4102} = {F7A5A6C5-6EE7-4A0F-AA1B-CBA34C2062BC}
		{A55132CE-60D1-4C4A-B087-AF8523D33630} = {F7A5A6C5-6EE7-4A0F-AA1B-CBA34C2062BC}
		{24D786B1-181A-4E08-96BC-277B7C0FC4F1} = {5BDC1C81-60FD-488A-9CF4-506A6836DBC6}
		{E9C34E6B-2082-4232-B349-24E255C7DEEC} = {5BDC1C81-60FD-488A-9CF4-506A6836DBC6}
		{635CB384-8D92-4C0F-A52E-F54DE2DBDE0C} = {5BDC1C81-60FD-488A-9CF4-506A6836DBC6}
		{8A93E833-534B-4E25-AA3F-E119ED908DD4} = {5BDC1C81-60FD-488A-9CF4-506A6836DBC6}
		{B243F85A-711A-4B56-B30E-43F4AF57BEBB} = {73C79C4C-D7AE-4952-AE08-E6DC5BBD2D4C}
	EndGlobalSection
	GlobalSection(ExtensibilityGlobals) = postSolution
		SolutionGuid = {740FB755-3123-4D35-B13A-EFB318A9841B}
	EndGlobalSection
EndGlobal
